<?xml version="1.0" encoding="utf-8"?>
<Project ToolsVersion="4.0" xmlns="http://schemas.microsoft.com/developer/msbuild/2003">
  <ItemGroup>
    <Filter Include="Source Files">
      <UniqueIdentifier>{4FC737F1-C7A5-4376-A066-2A32D752A2FF}</UniqueIdentifier>
      <Extensions>cpp;c;cc;cxx;def;odl;idl;hpj;bat;asm;asmx</Extensions>
    </Filter>
    <Filter Include="Header Files">
      <UniqueIdentifier>{93995380-89BD-4b04-88EB-625FBE52EBFB}</UniqueIdentifier>
      <Extensions>h;hpp;hxx;hm;inl;inc;xsd</Extensions>
    </Filter>
    <Filter Include="Resource Files">
      <UniqueIdentifier>{67DA6AB6-F800-4c08-8B7A-83BB121AAD01}</UniqueIdentifier>
      <Extensions>rc;ico;cur;bmp;dlg;rc2;rct;bin;rgs;gif;jpg;jpeg;jpe;resx;tiff;tif;png;wav;mfcribbon-ms</Extensions>
    </Filter>
    <Filter Include="TinyXML">
      <UniqueIdentifier>{1d544555-3274-48e7-8786-45b7fe063987}</UniqueIdentifier>
    </Filter>
    <Filter Include="XML Data Files">
      <UniqueIdentifier>{b9834924-ea92-46ba-8dd5-33a1015f005b}</UniqueIdentifier>
    </Filter>
    <Filter Include="StudentTanks">
      <UniqueIdentifier>{31b35429-2ed8-4d73-bd9c-b6470afcf01c}</UniqueIdentifier>
    </Filter>
    <Filter Include="StudentTanks\DimitarChobanov">
      <UniqueIdentifier>{b786423c-f9a3-4d3e-8c4d-c20c7d6c5d50}</UniqueIdentifier>
    </Filter>
  </ItemGroup>
  <ItemGroup>
    <ClInclude Include="BaseTank.h">
      <Filter>Header Files</Filter>
    </ClInclude>
    <ClInclude Include="C2DMatrix.h">
      <Filter>Header Files</Filter>
    </ClInclude>
    <ClInclude Include="Commons.h">
      <Filter>Header Files</Filter>
    </ClInclude>
    <ClInclude Include="Constants.h">
      <Filter>Header Files</Filter>
    </ClInclude>
    <ClInclude Include="ControlledTank.h">
      <Filter>Header Files</Filter>
    </ClInclude>
    <ClInclude Include="GameObject.h">
      <Filter>Header Files</Filter>
    </ClInclude>
    <ClInclude Include="GameScreen.h">
      <Filter>Header Files</Filter>
    </ClInclude>
    <ClInclude Include="GameScreenLevel1.h">
      <Filter>Header Files</Filter>
    </ClInclude>
    <ClInclude Include="GameScreenManager.h">
      <Filter>Header Files</Filter>
    </ClInclude>
    <ClInclude Include="ObstacleManager.h">
      <Filter>Header Files</Filter>
    </ClInclude>
    <ClInclude Include="PickUpManager.h">
      <Filter>Header Files</Filter>
    </ClInclude>
    <ClInclude Include="Projectile.h">
      <Filter>Header Files</Filter>
    </ClInclude>
    <ClInclude Include="ProjectileManager.h">
      <Filter>Header Files</Filter>
    </ClInclude>
    <ClInclude Include="TankManager.h">
      <Filter>Header Files</Filter>
    </ClInclude>
    <ClInclude Include="Texture2D.h">
      <Filter>Header Files</Filter>
    </ClInclude>
    <ClInclude Include="TinyXML\tinystr.h">
      <Filter>TinyXML</Filter>
    </ClInclude>
    <ClInclude Include="TinyXML\tinyxml.h">
      <Filter>TinyXML</Filter>
    </ClInclude>
    <ClInclude Include="LevelMap.h">
      <Filter>Header Files</Filter>
    </ClInclude>
    <ClInclude Include="PathFinder_DRS.h">
      <Filter>Header Files</Filter>
    </ClInclude>
    <ClInclude Include="TestTank.h">
      <Filter>Header Files</Filter>
    </ClInclude>
    <ClInclude Include="Guardian.h">
      <Filter>Header Files</Filter>
    </ClInclude>
    <ClInclude Include="StudentTanks\DimitarChobanov\c014944hTank.h">
      <Filter>StudentTanks\DimitarChobanov</Filter>
    </ClInclude>
    <ClInclude Include="StudentTanks\DimitarChobanov\c014944hSteeringBehaviours.h">
      <Filter>StudentTanks\DimitarChobanov</Filter>
    </ClInclude>
  </ItemGroup>
  <ItemGroup>
    <ClCompile Include="BaseTank.cpp">
      <Filter>Source Files</Filter>
    </ClCompile>
    <ClCompile Include="ControlledTank.cpp">
      <Filter>Source Files</Filter>
    </ClCompile>
    <ClCompile Include="GameObject.cpp">
      <Filter>Source Files</Filter>
    </ClCompile>
    <ClCompile Include="GameScreen.cpp">
      <Filter>Source Files</Filter>
    </ClCompile>
    <ClCompile Include="GameScreenLevel1.cpp">
      <Filter>Source Files</Filter>
    </ClCompile>
    <ClCompile Include="GameScreenManager.cpp">
      <Filter>Source Files</Filter>
    </ClCompile>
    <ClCompile Include="LevelMap.cpp">
      <Filter>Source Files</Filter>
    </ClCompile>
    <ClCompile Include="ObstacleManager.cpp">
      <Filter>Source Files</Filter>
    </ClCompile>
    <ClCompile Include="PickUpManager.cpp">
      <Filter>Source Files</Filter>
    </ClCompile>
    <ClCompile Include="Projectile.cpp">
      <Filter>Source Files</Filter>
    </ClCompile>
    <ClCompile Include="ProjectileManager.cpp">
      <Filter>Source Files</Filter>
    </ClCompile>
    <ClCompile Include="Source.cpp">
      <Filter>Source Files</Filter>
    </ClCompile>
    <ClCompile Include="TankManager.cpp">
      <Filter>Source Files</Filter>
    </ClCompile>
    <ClCompile Include="Texture2D.cpp">
      <Filter>Source Files</Filter>
    </ClCompile>
    <ClCompile Include="TinyXML\tinystr.cpp">
      <Filter>TinyXML</Filter>
    </ClCompile>
    <ClCompile Include="TinyXML\tinyxml.cpp">
      <Filter>TinyXML</Filter>
    </ClCompile>
    <ClCompile Include="TinyXML\tinyxmlerror.cpp">
      <Filter>TinyXML</Filter>
    </ClCompile>
    <ClCompile Include="TinyXML\tinyxmlparser.cpp">
      <Filter>TinyXML</Filter>
    </ClCompile>
    <ClCompile Include="PathFinder_DRS.cpp">
      <Filter>Source Files</Filter>
    </ClCompile>
    <ClCompile Include="TestTank.cpp">
      <Filter>Source Files</Filter>
    </ClCompile>
    <ClCompile Include="Guardian.cpp">
      <Filter>Source Files</Filter>
    </ClCompile>
    <ClCompile Include="StudentTanks\DimitarChobanov\c014944hTank.cpp">
      <Filter>StudentTanks\DimitarChobanov</Filter>
    </ClCompile>
    <ClCompile Include="StudentTanks\DimitarChobanov\c014944hSteeringBehaviours.cpp">
      <Filter>StudentTanks\DimitarChobanov</Filter>
    </ClCompile>
  </ItemGroup>
  <ItemGroup>
    <Library Include="SDL\SDL2.lib" />
    <Library Include="SDL\SDL2_image.lib" />
    <Library Include="SDL\SDL2_mixer.lib" />
    <Library Include="SDL\SDL2main.lib" />
  </ItemGroup>
  <ItemGroup>
    <Xml Include="XML Data Files\GameAI.xml">
      <Filter>XML Data Files</Filter>
    </Xml>
    <Xml Include="XML Data Files\GameAIOneBuilding.xml">
      <Filter>XML Data Files</Filter>
    </Xml>
    <Xml Include="XML Data Files\TankData.xml">
      <Filter>XML Data Files</Filter>
    </Xml>
    <Xml Include="XML Data Files\Arena.xml">
      <Filter>XML Data Files</Filter>
    </Xml>
    <Xml Include="XML Data Files\BattleGround.xml">
      <Filter>XML Data Files</Filter>
    </Xml>
  </ItemGroup>
</Project>